
Microsoft Visual Studio Solution File, Format Version 12.00
# Visual Studio Version 16
VisualStudioVersion = 16.0.31613.86
MinimumVisualStudioVersion = 10.0.40219.1
Project("{FAE04EC0-301F-11D3-BF4B-00C04F79EFBC}") = "senai.inlock.webApi", "senai.inlock.webApi\senai.inlock.webApi.csproj", "{639F8B1E-9A63-4578-A52D-2CB3753F35E6}"
EndProject
Global
	GlobalSection(SolutionConfigurationPlatforms) = preSolution
		Debug|Any CPU = Debug|Any CPU
		Release|Any CPU = Release|Any CPU
	EndGlobalSection
	GlobalSection(ProjectConfigurationPlatforms) = postSolution
		{639F8B1E-9A63-4578-A52D-2CB3753F35E6}.Debug|Any CPU.ActiveCfg = Debug|Any CPU
		{639F8B1E-9A63-4578-A52D-2CB3753F35E6}.Debug|Any CPU.Build.0 = Debug|Any CPU
		{639F8B1E-9A63-4578-A52D-2CB3753F35E6}.Release|Any CPU.ActiveCfg = Release|Any CPU
		{639F8B1E-9A63-4578-A52D-2CB3753F35E6}.Release|Any CPU.Build.0 = Release|Any CPU
	EndGlobalSection
	GlobalSection(SolutionProperties) = preSolution
		HideSolutionNode = FALSE
	EndGlobalSection
	GlobalSection(ExtensibilityGlobals) = postSolution
		SolutionGuid = {AAC39305-F1FE-4E83-952F-84E5D8E7E042}
	EndGlobalSection
EndGlobal
